{
  "name": "tech-js-imperativa-javascript",
  "version": "1.0.0",
  "lockfileVersion": 2,
  "requires": true,
  "packages": {
    "": {
      "name": "tech-js-imperativa-javascript",
      "version": "1.0.0",
      "license": "ISC",
      "dependencies": {
        "console-mpds": "^1.0.2"
      }
    },
    "node_modules/console-mpds": {
      "version": "1.0.2",
      "resolved": "https://registry.npmjs.org/console-mpds/-/console-mpds-1.0.2.tgz",
      "integrity": "sha512-BvQ4umhPeiKe14ZvMTmU5A6AfSsyK4v8GZscV8OPQe1z36JqKcQxjdNVCWZfRs++h8ptLr7SbJ38sVyJSZKOjA==",
      "dependencies": {
        "readline-sync": "^1.4.10"
      }
    },
    "node_modules/readline-sync": {
      "version": "1.4.10",
      "resolved": "https://registry.npmjs.org/readline-sync/-/readline-sync-1.4.10.tgz",
      "integrity": "sha512-gNva8/6UAe8QYepIQH/jQ2qn91Qj0B9sYjMBBs3QOB8F2CXcKgLxQaJRP76sWVRQt+QU+8fAkCbCvjjMFu7Ycw==",
      "engines": {
        "node": ">= 0.8.0"
      }
    }
  },
  "dependencies": {
    "console-mpds": {
      "version": "1.0.2",
      "resolved": "https://registry.npmjs.org/console-mpds/-/console-mpds-1.0.2.tgz",
      "integrity": "sha512-BvQ4umhPeiKe14ZvMTmU5A6AfSsyK4v8GZscV8OPQe1z36JqKcQxjdNVCWZfRs++h8ptLr7SbJ38sVyJSZKOjA==",
      "requires": {
        "readline-sync": "^1.4.10"
      }
    },
    "readline-sync": {
      "version": "1.4.10",
      "resolved": "https://registry.npmjs.org/readline-sync/-/readline-sync-1.4.10.tgz",
      "integrity": "sha512-gNva8/6UAe8QYepIQH/jQ2qn91Qj0B9sYjMBBs3QOB8F2CXcKgLxQaJRP76sWVRQt+QU+8fAkCbCvjjMFu7Ycw=="
    }
  }
}
